
Microsoft Visual Studio Solution File, Format Version 12.00
# Visual Studio Version 17
VisualStudioVersion = 17.5.33530.505
MinimumVisualStudioVersion = 10.0.40219.1
Project("{9A19103F-16F7-4668-BE54-9A1E7A4F7556}") = "API", "API\API.csproj", "{EB3DDBFC-2010-45DE-9BAB-2EFC81230649}"
EndProject
Project("{FAE04EC0-301F-11D3-BF4B-00C04F79EFBC}") = "Core", "Core\Core.csproj", "{1FF65BCC-4B85-4B08-BC42-AC518C2CD86F}"
EndProject
Project("{FAE04EC0-301F-11D3-BF4B-00C04F79EFBC}") = "Infrastructure", "Infrastructure\Infrastructure.csproj", "{31BC7EF1-4AB5-431D-B5CD-5761A734D4A3}"
EndProject
Global
	GlobalSection(SolutionConfigurationPlatforms) = preSolution
		Debug|Any CPU = Debug|Any CPU
		Release|Any CPU = Release|Any CPU
	EndGlobalSection
	GlobalSection(ProjectConfigurationPlatforms) = postSolution
		{EB3DDBFC-2010-45DE-9BAB-2EFC81230649}.Debug|Any CPU.ActiveCfg = Debug|Any CPU
		{EB3DDBFC-2010-45DE-9BAB-2EFC81230649}.Debug|Any CPU.Build.0 = Debug|Any CPU
		{EB3DDBFC-2010-45DE-9BAB-2EFC81230649}.Release|Any CPU.ActiveCfg = Release|Any CPU
		{EB3DDBFC-2010-45DE-9BAB-2EFC81230649}.Release|Any CPU.Build.0 = Release|Any CPU
		{1FF65BCC-4B85-4B08-BC42-AC518C2CD86F}.Debug|Any CPU.ActiveCfg = Debug|Any CPU
		{1FF65BCC-4B85-4B08-BC42-AC518C2CD86F}.Debug|Any CPU.Build.0 = Debug|Any CPU
		{1FF65BCC-4B85-4B08-BC42-AC518C2CD86F}.Release|Any CPU.ActiveCfg = Release|Any CPU
		{1FF65BCC-4B85-4B08-BC42-AC518C2CD86F}.Release|Any CPU.Build.0 = Release|Any CPU
		{31BC7EF1-4AB5-431D-B5CD-5761A734D4A3}.Debug|Any CPU.ActiveCfg = Debug|Any CPU
		{31BC7EF1-4AB5-431D-B5CD-5761A734D4A3}.Debug|Any CPU.Build.0 = Debug|Any CPU
		{31BC7EF1-4AB5-431D-B5CD-5761A734D4A3}.Release|Any CPU.ActiveCfg = Release|Any CPU
		{31BC7EF1-4AB5-431D-B5CD-5761A734D4A3}.Release|Any CPU.Build.0 = Release|Any CPU
	EndGlobalSection
	GlobalSection(SolutionProperties) = preSolution
		HideSolutionNode = FALSE
	EndGlobalSection
	GlobalSection(ExtensibilityGlobals) = postSolution
		SolutionGuid = {5C05FF64-D2C5-4BFD-ADCF-9884951CB7D3}
	EndGlobalSection
EndGlobal
